
Microsoft Visual Studio Solution File, Format Version 12.00
# Visual Studio Version 16
VisualStudioVersion = 16.0.31112.23
MinimumVisualStudioVersion = 10.0.40219.1
Project("{FAE04EC0-301F-11D3-BF4B-00C04F79EFBC}") = "MTCAssistant", "MTCAssistant\MTCAssistant\MTCAssistant.csproj", "{FF4C29C7-43E0-49CA-8AFC-8FFA55CDBADF}"
EndProject
Project("{FAE04EC0-301F-11D3-BF4B-00C04F79EFBC}") = "MTCAssistant.Tests", "MTCAssistant\MTCAssistant.Tests\MTCAssistant.Tests.csproj", "{8B9A226B-C847-4D9D-BE3B-57E5C7289F52}"
EndProject
Global
	GlobalSection(SolutionConfigurationPlatforms) = preSolution
		Debug|Any CPU = Debug|Any CPU
		Release|Any CPU = Release|Any CPU
	EndGlobalSection
	GlobalSection(ProjectConfigurationPlatforms) = postSolution
		{FF4C29C7-43E0-49CA-8AFC-8FFA55CDBADF}.Debug|Any CPU.ActiveCfg = Debug|Any CPU
		{FF4C29C7-43E0-49CA-8AFC-8FFA55CDBADF}.Debug|Any CPU.Build.0 = Debug|Any CPU
		{FF4C29C7-43E0-49CA-8AFC-8FFA55CDBADF}.Release|Any CPU.ActiveCfg = Release|Any CPU
		{FF4C29C7-43E0-49CA-8AFC-8FFA55CDBADF}.Release|Any CPU.Build.0 = Release|Any CPU
		{8B9A226B-C847-4D9D-BE3B-57E5C7289F52}.Debug|Any CPU.ActiveCfg = Debug|Any CPU
		{8B9A226B-C847-4D9D-BE3B-57E5C7289F52}.Debug|Any CPU.Build.0 = Debug|Any CPU
		{8B9A226B-C847-4D9D-BE3B-57E5C7289F52}.Release|Any CPU.ActiveCfg = Release|Any CPU
		{8B9A226B-C847-4D9D-BE3B-57E5C7289F52}.Release|Any CPU.Build.0 = Release|Any CPU
	EndGlobalSection
	GlobalSection(SolutionProperties) = preSolution
		HideSolutionNode = FALSE
	EndGlobalSection
	GlobalSection(ExtensibilityGlobals) = postSolution
		SolutionGuid = {013F09B1-5D14-474B-A1B6-ED9E19083643}
	EndGlobalSection
EndGlobal
